
Microsoft Visual Studio Solution File, Format Version 12.00
# Visual Studio Version 17
VisualStudioVersion = 17.5.33530.505
MinimumVisualStudioVersion = 10.0.40219.1
Project("{FAE04EC0-301F-11D3-BF4B-00C04F79EFBC}") = "WpfApp1", "WpfApp1\WpfApp1.csproj", "{3D2146D5-6401-4778-BF51-E0527F78F58B}"
EndProject
Global
	GlobalSection(SolutionConfigurationPlatforms) = preSolution
		Debug|Any CPU = Debug|Any CPU
		Release|Any CPU = Release|Any CPU
	EndGlobalSection
	GlobalSection(ProjectConfigurationPlatforms) = postSolution
		{3D2146D5-6401-4778-BF51-E0527F78F58B}.Debug|Any CPU.ActiveCfg = Debug|Any CPU
		{3D2146D5-6401-4778-BF51-E0527F78F58B}.Debug|Any CPU.Build.0 = Debug|Any CPU
		{3D2146D5-6401-4778-BF51-E0527F78F58B}.Release|Any CPU.ActiveCfg = Release|Any CPU
		{3D2146D5-6401-4778-BF51-E0527F78F58B}.Release|Any CPU.Build.0 = Release|Any CPU
	EndGlobalSection
	GlobalSection(SolutionProperties) = preSolution
		HideSolutionNode = FALSE
	EndGlobalSection
	GlobalSection(ExtensibilityGlobals) = postSolution
		SolutionGuid = {61034349-8D9F-4DF3-BB60-709D670C58A8}
	EndGlobalSection
EndGlobal
